
Microsoft Visual Studio Solution File, Format Version 12.00
Project("{FAE04EC0-301F-11D3-BF4B-00C04F79EFBC}") = "Tema2_LFC_Compilator", "Tema2_LFC_Compilator\Tema2_LFC_Compilator.csproj", "{91AA676F-E63A-4670-9C2E-05AC0962362B}"
EndProject
Global
	GlobalSection(SolutionConfigurationPlatforms) = preSolution
		Debug|Any CPU = Debug|Any CPU
		Release|Any CPU = Release|Any CPU
	EndGlobalSection
	GlobalSection(ProjectConfigurationPlatforms) = postSolution
		{91AA676F-E63A-4670-9C2E-05AC0962362B}.Debug|Any CPU.ActiveCfg = Debug|Any CPU
		{91AA676F-E63A-4670-9C2E-05AC0962362B}.Debug|Any CPU.Build.0 = Debug|Any CPU
		{91AA676F-E63A-4670-9C2E-05AC0962362B}.Release|Any CPU.ActiveCfg = Release|Any CPU
		{91AA676F-E63A-4670-9C2E-05AC0962362B}.Release|Any CPU.Build.0 = Release|Any CPU
	EndGlobalSection
EndGlobal
